
Microsoft Visual Studio Solution File, Format Version 12.00
# Visual Studio 15
VisualStudioVersion = 15.0.27130.2010
MinimumVisualStudioVersion = 10.0.40219.1
Project("{FAE04EC0-301F-11D3-BF4B-00C04F79EFBC}") = "Bulk Find and Replace", "Bulk Find and Replace\Bulk Find and Replace.csproj", "{A86EE909-F5B4-4895-9AC5-61ED6BA8FC24}"
EndProject
Global
	GlobalSection(SolutionConfigurationPlatforms) = preSolution
		Debug|Any CPU = Debug|Any CPU
		Release|Any CPU = Release|Any CPU
	EndGlobalSection
	GlobalSection(ProjectConfigurationPlatforms) = postSolution
		{A86EE909-F5B4-4895-9AC5-61ED6BA8FC24}.Debug|Any CPU.ActiveCfg = Debug|Any CPU
		{A86EE909-F5B4-4895-9AC5-61ED6BA8FC24}.Debug|Any CPU.Build.0 = Debug|Any CPU
		{A86EE909-F5B4-4895-9AC5-61ED6BA8FC24}.Release|Any CPU.ActiveCfg = Release|Any CPU
		{A86EE909-F5B4-4895-9AC5-61ED6BA8FC24}.Release|Any CPU.Build.0 = Release|Any CPU
	EndGlobalSection
	GlobalSection(SolutionProperties) = preSolution
		HideSolutionNode = FALSE
	EndGlobalSection
	GlobalSection(ExtensibilityGlobals) = postSolution
		SolutionGuid = {3663AF1B-190A-4ECD-AB5E-1522C394D58B}
	EndGlobalSection
EndGlobal
